
Microsoft Visual Studio Solution File, Format Version 12.00
# Visual Studio Version 17
VisualStudioVersion = 17.8.34601.278
MinimumVisualStudioVersion = 10.0.40219.1
Project("{9A19103F-16F7-4668-BE54-9A1E7A4F7556}") = "web api", "web api\web api.csproj", "{67267E18-F6DA-4F05-AA5B-FF6C4910F83C}"
EndProject
Project("{FAE04EC0-301F-11D3-BF4B-00C04F79EFBC}") = "UnitTest", "UnitTest\UnitTest.csproj", "{61F4117A-DE91-420E-A299-CD21B9110C39}"
EndProject
Global
	GlobalSection(SolutionConfigurationPlatforms) = preSolution
		Debug|Any CPU = Debug|Any CPU
		Release|Any CPU = Release|Any CPU
	EndGlobalSection
	GlobalSection(ProjectConfigurationPlatforms) = postSolution
		{67267E18-F6DA-4F05-AA5B-FF6C4910F83C}.Debug|Any CPU.ActiveCfg = Debug|Any CPU
		{67267E18-F6DA-4F05-AA5B-FF6C4910F83C}.Debug|Any CPU.Build.0 = Debug|Any CPU
		{67267E18-F6DA-4F05-AA5B-FF6C4910F83C}.Release|Any CPU.ActiveCfg = Release|Any CPU
		{67267E18-F6DA-4F05-AA5B-FF6C4910F83C}.Release|Any CPU.Build.0 = Release|Any CPU
		{61F4117A-DE91-420E-A299-CD21B9110C39}.Debug|Any CPU.ActiveCfg = Debug|Any CPU
		{61F4117A-DE91-420E-A299-CD21B9110C39}.Debug|Any CPU.Build.0 = Debug|Any CPU
		{61F4117A-DE91-420E-A299-CD21B9110C39}.Release|Any CPU.ActiveCfg = Release|Any CPU
		{61F4117A-DE91-420E-A299-CD21B9110C39}.Release|Any CPU.Build.0 = Release|Any CPU
	EndGlobalSection
	GlobalSection(SolutionProperties) = preSolution
		HideSolutionNode = FALSE
	EndGlobalSection
	GlobalSection(ExtensibilityGlobals) = postSolution
		SolutionGuid = {B4835D4E-5FB5-4005-894C-C2A522501F68}
	EndGlobalSection
EndGlobal
